
Microsoft Visual Studio Solution File, Format Version 12.00
# Visual Studio Version 16
VisualStudioVersion = 16.0.30517.126
MinimumVisualStudioVersion = 10.0.40219.1
Project("{FAE04EC0-301F-11D3-BF4B-00C04F79EFBC}") = "backendEB", "backendEB\backendEB.csproj", "{B99CBB33-6287-4D18-97F2-947C44C29300}"
EndProject
Global
	GlobalSection(SolutionConfigurationPlatforms) = preSolution
		Debug|Any CPU = Debug|Any CPU
		Release|Any CPU = Release|Any CPU
	EndGlobalSection
	GlobalSection(ProjectConfigurationPlatforms) = postSolution
		{B99CBB33-6287-4D18-97F2-947C44C29300}.Debug|Any CPU.ActiveCfg = Debug|Any CPU
		{B99CBB33-6287-4D18-97F2-947C44C29300}.Debug|Any CPU.Build.0 = Debug|Any CPU
		{B99CBB33-6287-4D18-97F2-947C44C29300}.Release|Any CPU.ActiveCfg = Release|Any CPU
		{B99CBB33-6287-4D18-97F2-947C44C29300}.Release|Any CPU.Build.0 = Release|Any CPU
	EndGlobalSection
	GlobalSection(SolutionProperties) = preSolution
		HideSolutionNode = FALSE
	EndGlobalSection
	GlobalSection(ExtensibilityGlobals) = postSolution
		SolutionGuid = {8DAE082D-1FB0-4346-A8DA-895E1F236954}
	EndGlobalSection
EndGlobal
